
Microsoft Visual Studio Solution File, Format Version 12.00
# Visual Studio Version 17
VisualStudioVersion = 17.5.002.0
MinimumVisualStudioVersion = 10.0.40219.1
Project("{2150E333-8FDC-42A3-9474-1A3956D46DE8}") = "csharp-prep", "csharp-prep", "{EF25AF4C-0A1F-43AA-9892-C723BB4D16AF}"
EndProject
Project("{9A19103F-16F7-4668-BE54-9A1E7A4F7556}") = "Prep1", "csharp-prep\Prep1\Prep1.csproj", "{6D93734E-8194-450F-BB9E-1C36AB02DFD0}"
EndProject
Project("{9A19103F-16F7-4668-BE54-9A1E7A4F7556}") = "Prep2", "csharp-prep\Prep2\Prep2.csproj", "{16A60C0F-7CB5-4FF9-A8C2-0FB45B1B7E6A}"
EndProject
Project("{9A19103F-16F7-4668-BE54-9A1E7A4F7556}") = "Prep3", "csharp-prep\Prep3\Prep3.csproj", "{4D6DEE41-5666-4630-88AA-62518DCCE9FA}"
EndProject
Project("{9A19103F-16F7-4668-BE54-9A1E7A4F7556}") = "Prep4", "csharp-prep\Prep4\Prep4.csproj", "{CFD9FD13-57D4-4B39-94FB-41757AB344BA}"
EndProject
Project("{9A19103F-16F7-4668-BE54-9A1E7A4F7556}") = "Prep5", "csharp-prep\Prep5\Prep5.csproj", "{C734F593-571F-4F09-A08B-88BF694E7BC2}"
EndProject
Project("{2150E333-8FDC-42A3-9474-1A3956D46DE8}") = "final", "final", "{81944416-457C-45C3-BC02-7B489B2EFE96}"
EndProject
Project("{9A19103F-16F7-4668-BE54-9A1E7A4F7556}") = "FinalProject", "final\FinalProject\FinalProject.csproj", "{CC301613-2270-4799-B87D-AA98F2F18ED5}"
EndProject
Project("{9A19103F-16F7-4668-BE54-9A1E7A4F7556}") = "Foundation1", "final\Foundation1\Foundation1.csproj", "{46FCE964-3C11-409E-B605-37285017D343}"
EndProject
Project("{9A19103F-16F7-4668-BE54-9A1E7A4F7556}") = "Foundation2", "final\Foundation2\Foundation2.csproj", "{31808103-2C88-4D83-9140-AF4690D33599}"
EndProject
Project("{9A19103F-16F7-4668-BE54-9A1E7A4F7556}") = "Foundation3", "final\Foundation3\Foundation3.csproj", "{51DB4145-BB81-41B3-B5E9-D419E4A8AEC3}"
EndProject
Project("{9A19103F-16F7-4668-BE54-9A1E7A4F7556}") = "Foundation4", "final\Foundation4\Foundation4.csproj", "{F52A27A8-9A3E-4FD5-8800-E8F237D107C0}"
EndProject
Project("{2150E333-8FDC-42A3-9474-1A3956D46DE8}") = "prepare", "prepare", "{C93054C4-C76F-42F3-9E6E-8874246F5227}"
EndProject
Project("{9A19103F-16F7-4668-BE54-9A1E7A4F7556}") = "Learning02", "prepare\Learning02\Learning02.csproj", "{B302C47A-9AC8-4193-B002-E0BEA3B3D2B9}"
EndProject
Project("{9A19103F-16F7-4668-BE54-9A1E7A4F7556}") = "Learning03", "prepare\Learning03\Learning03.csproj", "{FA062C72-2A6A-4CCC-9686-6F8613FF5741}"
EndProject
Project("{9A19103F-16F7-4668-BE54-9A1E7A4F7556}") = "Learning04", "prepare\Learning04\Learning04.csproj", "{78F567D9-694A-4151-A244-A1BA11D2C083}"
EndProject
Project("{9A19103F-16F7-4668-BE54-9A1E7A4F7556}") = "Learning05", "prepare\Learning05\Learning05.csproj", "{C8710E2A-84B5-40D7-AD4D-BFF0BAEE8E9B}"
EndProject
Project("{2150E333-8FDC-42A3-9474-1A3956D46DE8}") = "prove", "prove", "{1E0784F7-A683-4A91-A4B8-EDF48DFA8102}"
EndProject
Project("{9A19103F-16F7-4668-BE54-9A1E7A4F7556}") = "Develop02", "prove\Develop02\Develop02.csproj", "{0C5E5DE9-C389-4485-B6F9-97C1F0F7FE85}"
EndProject
Project("{9A19103F-16F7-4668-BE54-9A1E7A4F7556}") = "Develop03", "prove\Develop03\Develop03.csproj", "{F84ED22D-686F-4DC4-A82B-0CC17250DBDC}"
EndProject
Project("{9A19103F-16F7-4668-BE54-9A1E7A4F7556}") = "Develop04", "prove\Develop04\Develop04.csproj", "{A225EC79-2512-4D9C-A035-61FCB6D7AD31}"
EndProject
Project("{9A19103F-16F7-4668-BE54-9A1E7A4F7556}") = "Develop05", "prove\Develop05\Develop05.csproj", "{ED961986-53D8-4BB4-93A3-4CCC59177E27}"
EndProject
Project("{2150E333-8FDC-42A3-9474-1A3956D46DE8}") = "sandbox", "sandbox", "{359AE448-15AD-4921-AB4A-48BE81F851DA}"
EndProject
Project("{9A19103F-16F7-4668-BE54-9A1E7A4F7556}") = "Sandbox", "sandbox\Sandbox\Sandbox.csproj", "{38BDA2E5-69DC-4E5E-AC3E-38A46C84087C}"
EndProject
Global
	GlobalSection(SolutionConfigurationPlatforms) = preSolution
		Debug|Any CPU = Debug|Any CPU
		Release|Any CPU = Release|Any CPU
	EndGlobalSection
	GlobalSection(ProjectConfigurationPlatforms) = postSolution
		{6D93734E-8194-450F-BB9E-1C36AB02DFD0}.Debug|Any CPU.ActiveCfg = Debug|Any CPU
		{6D93734E-8194-450F-BB9E-1C36AB02DFD0}.Debug|Any CPU.Build.0 = Debug|Any CPU
		{6D93734E-8194-450F-BB9E-1C36AB02DFD0}.Release|Any CPU.ActiveCfg = Release|Any CPU
		{6D93734E-8194-450F-BB9E-1C36AB02DFD0}.Release|Any CPU.Build.0 = Release|Any CPU
		{16A60C0F-7CB5-4FF9-A8C2-0FB45B1B7E6A}.Debug|Any CPU.ActiveCfg = Debug|Any CPU
		{16A60C0F-7CB5-4FF9-A8C2-0FB45B1B7E6A}.Debug|Any CPU.Build.0 = Debug|Any CPU
		{16A60C0F-7CB5-4FF9-A8C2-0FB45B1B7E6A}.Release|Any CPU.ActiveCfg = Release|Any CPU
		{16A60C0F-7CB5-4FF9-A8C2-0FB45B1B7E6A}.Release|Any CPU.Build.0 = Release|Any CPU
		{4D6DEE41-5666-4630-88AA-62518DCCE9FA}.Debug|Any CPU.ActiveCfg = Debug|Any CPU
		{4D6DEE41-5666-4630-88AA-62518DCCE9FA}.Debug|Any CPU.Build.0 = Debug|Any CPU
		{4D6DEE41-5666-4630-88AA-62518DCCE9FA}.Release|Any CPU.ActiveCfg = Release|Any CPU
		{4D6DEE41-5666-4630-88AA-62518DCCE9FA}.Release|Any CPU.Build.0 = Release|Any CPU
		{CFD9FD13-57D4-4B39-94FB-41757AB344BA}.Debug|Any CPU.ActiveCfg = Debug|Any CPU
		{CFD9FD13-57D4-4B39-94FB-41757AB344BA}.Debug|Any CPU.Build.0 = Debug|Any CPU
		{CFD9FD13-57D4-4B39-94FB-41757AB344BA}.Release|Any CPU.ActiveCfg = Release|Any CPU
		{CFD9FD13-57D4-4B39-94FB-41757AB344BA}.Release|Any CPU.Build.0 = Release|Any CPU
		{C734F593-571F-4F09-A08B-88BF694E7BC2}.Debug|Any CPU.ActiveCfg = Debug|Any CPU
		{C734F593-571F-4F09-A08B-88BF694E7BC2}.Debug|Any CPU.Build.0 = Debug|Any CPU
		{C734F593-571F-4F09-A08B-88BF694E7BC2}.Release|Any CPU.ActiveCfg = Release|Any CPU
		{C734F593-571F-4F09-A08B-88BF694E7BC2}.Release|Any CPU.Build.0 = Release|Any CPU
		{CC301613-2270-4799-B87D-AA98F2F18ED5}.Debug|Any CPU.ActiveCfg = Debug|Any CPU
		{CC301613-2270-4799-B87D-AA98F2F18ED5}.Debug|Any CPU.Build.0 = Debug|Any CPU
		{CC301613-2270-4799-B87D-AA98F2F18ED5}.Release|Any CPU.ActiveCfg = Release|Any CPU
		{CC301613-2270-4799-B87D-AA98F2F18ED5}.Release|Any CPU.Build.0 = Release|Any CPU
		{46FCE964-3C11-409E-B605-37285017D343}.Debug|Any CPU.ActiveCfg = Debug|Any CPU
		{46FCE964-3C11-409E-B605-37285017D343}.Debug|Any CPU.Build.0 = Debug|Any CPU
		{46FCE964-3C11-409E-B605-37285017D343}.Release|Any CPU.ActiveCfg = Release|Any CPU
		{46FCE964-3C11-409E-B605-37285017D343}.Release|Any CPU.Build.0 = Release|Any CPU
		{31808103-2C88-4D83-9140-AF4690D33599}.Debug|Any CPU.ActiveCfg = Debug|Any CPU
		{31808103-2C88-4D83-9140-AF4690D33599}.Debug|Any CPU.Build.0 = Debug|Any CPU
		{31808103-2C88-4D83-9140-AF4690D33599}.Release|Any CPU.ActiveCfg = Release|Any CPU
		{31808103-2C88-4D83-9140-AF4690D33599}.Release|Any CPU.Build.0 = Release|Any CPU
		{51DB4145-BB81-41B3-B5E9-D419E4A8AEC3}.Debug|Any CPU.ActiveCfg = Debug|Any CPU
		{51DB4145-BB81-41B3-B5E9-D419E4A8AEC3}.Debug|Any CPU.Build.0 = Debug|Any CPU
		{51DB4145-BB81-41B3-B5E9-D419E4A8AEC3}.Release|Any CPU.ActiveCfg = Release|Any CPU
		{51DB4145-BB81-41B3-B5E9-D419E4A8AEC3}.Release|Any CPU.Build.0 = Release|Any CPU
		{F52A27A8-9A3E-4FD5-8800-E8F237D107C0}.Debug|Any CPU.ActiveCfg = Debug|Any CPU
		{F52A27A8-9A3E-4FD5-8800-E8F237D107C0}.Debug|Any CPU.Build.0 = Debug|Any CPU
		{F52A27A8-9A3E-4FD5-8800-E8F237D107C0}.Release|Any CPU.ActiveCfg = Release|Any CPU
		{F52A27A8-9A3E-4FD5-8800-E8F237D107C0}.Release|Any CPU.Build.0 = Release|Any CPU
		{B302C47A-9AC8-4193-B002-E0BEA3B3D2B9}.Debug|Any CPU.ActiveCfg = Debug|Any CPU
		{B302C47A-9AC8-4193-B002-E0BEA3B3D2B9}.Debug|Any CPU.Build.0 = Debug|Any CPU
		{B302C47A-9AC8-4193-B002-E0BEA3B3D2B9}.Release|Any CPU.ActiveCfg = Release|Any CPU
		{B302C47A-9AC8-4193-B002-E0BEA3B3D2B9}.Release|Any CPU.Build.0 = Release|Any CPU
		{FA062C72-2A6A-4CCC-9686-6F8613FF5741}.Debug|Any CPU.ActiveCfg = Debug|Any CPU
		{FA062C72-2A6A-4CCC-9686-6F8613FF5741}.Debug|Any CPU.Build.0 = Debug|Any CPU
		{FA062C72-2A6A-4CCC-9686-6F8613FF5741}.Release|Any CPU.ActiveCfg = Release|Any CPU
		{FA062C72-2A6A-4CCC-9686-6F8613FF5741}.Release|Any CPU.Build.0 = Release|Any CPU
		{78F567D9-694A-4151-A244-A1BA11D2C083}.Debug|Any CPU.ActiveCfg = Debug|Any CPU
		{78F567D9-694A-4151-A244-A1BA11D2C083}.Debug|Any CPU.Build.0 = Debug|Any CPU
		{78F567D9-694A-4151-A244-A1BA11D2C083}.Release|Any CPU.ActiveCfg = Release|Any CPU
		{78F567D9-694A-4151-A244-A1BA11D2C083}.Release|Any CPU.Build.0 = Release|Any CPU
		{C8710E2A-84B5-40D7-AD4D-BFF0BAEE8E9B}.Debug|Any CPU.ActiveCfg = Debug|Any CPU
		{C8710E2A-84B5-40D7-AD4D-BFF0BAEE8E9B}.Debug|Any CPU.Build.0 = Debug|Any CPU
		{C8710E2A-84B5-40D7-AD4D-BFF0BAEE8E9B}.Release|Any CPU.ActiveCfg = Release|Any CPU
		{C8710E2A-84B5-40D7-AD4D-BFF0BAEE8E9B}.Release|Any CPU.Build.0 = Release|Any CPU
		{0C5E5DE9-C389-4485-B6F9-97C1F0F7FE85}.Debug|Any CPU.ActiveCfg = Debug|Any CPU
		{0C5E5DE9-C389-4485-B6F9-97C1F0F7FE85}.Debug|Any CPU.Build.0 = Debug|Any CPU
		{0C5E5DE9-C389-4485-B6F9-97C1F0F7FE85}.Release|Any CPU.ActiveCfg = Release|Any CPU
		{0C5E5DE9-C389-4485-B6F9-97C1F0F7FE85}.Release|Any CPU.Build.0 = Release|Any CPU
		{F84ED22D-686F-4DC4-A82B-0CC17250DBDC}.Debug|Any CPU.ActiveCfg = Debug|Any CPU
		{F84ED22D-686F-4DC4-A82B-0CC17250DBDC}.Debug|Any CPU.Build.0 = Debug|Any CPU
		{F84ED22D-686F-4DC4-A82B-0CC17250DBDC}.Release|Any CPU.ActiveCfg = Release|Any CPU
		{F84ED22D-686F-4DC4-A82B-0CC17250DBDC}.Release|Any CPU.Build.0 = Release|Any CPU
		{A225EC79-2512-4D9C-A035-61FCB6D7AD31}.Debug|Any CPU.ActiveCfg = Debug|Any CPU
		{A225EC79-2512-4D9C-A035-61FCB6D7AD31}.Debug|Any CPU.Build.0 = Debug|Any CPU
		{A225EC79-2512-4D9C-A035-61FCB6D7AD31}.Release|Any CPU.ActiveCfg = Release|Any CPU
		{A225EC79-2512-4D9C-A035-61FCB6D7AD31}.Release|Any CPU.Build.0 = Release|Any CPU
		{ED961986-53D8-4BB4-93A3-4CCC59177E27}.Debug|Any CPU.ActiveCfg = Debug|Any CPU
		{ED961986-53D8-4BB4-93A3-4CCC59177E27}.Debug|Any CPU.Build.0 = Debug|Any CPU
		{ED961986-53D8-4BB4-93A3-4CCC59177E27}.Release|Any CPU.ActiveCfg = Release|Any CPU
		{ED961986-53D8-4BB4-93A3-4CCC59177E27}.Release|Any CPU.Build.0 = Release|Any CPU
		{38BDA2E5-69DC-4E5E-AC3E-38A46C84087C}.Debug|Any CPU.ActiveCfg = Debug|Any CPU
		{38BDA2E5-69DC-4E5E-AC3E-38A46C84087C}.Debug|Any CPU.Build.0 = Debug|Any CPU
		{38BDA2E5-69DC-4E5E-AC3E-38A46C84087C}.Release|Any CPU.ActiveCfg = Release|Any CPU
		{38BDA2E5-69DC-4E5E-AC3E-38A46C84087C}.Release|Any CPU.Build.0 = Release|Any CPU
	EndGlobalSection
	GlobalSection(SolutionProperties) = preSolution
		HideSolutionNode = FALSE
	EndGlobalSection
	GlobalSection(NestedProjects) = preSolution
		{6D93734E-8194-450F-BB9E-1C36AB02DFD0} = {EF25AF4C-0A1F-43AA-9892-C723BB4D16AF}
		{16A60C0F-7CB5-4FF9-A8C2-0FB45B1B7E6A} = {EF25AF4C-0A1F-43AA-9892-C723BB4D16AF}
		{4D6DEE41-5666-4630-88AA-62518DCCE9FA} = {EF25AF4C-0A1F-43AA-9892-C723BB4D16AF}
		{CFD9FD13-57D4-4B39-94FB-41757AB344BA} = {EF25AF4C-0A1F-43AA-9892-C723BB4D16AF}
		{C734F593-571F-4F09-A08B-88BF694E7BC2} = {EF25AF4C-0A1F-43AA-9892-C723BB4D16AF}
		{CC301613-2270-4799-B87D-AA98F2F18ED5} = {81944416-457C-45C3-BC02-7B489B2EFE96}
		{46FCE964-3C11-409E-B605-37285017D343} = {81944416-457C-45C3-BC02-7B489B2EFE96}
		{31808103-2C88-4D83-9140-AF4690D33599} = {81944416-457C-45C3-BC02-7B489B2EFE96}
		{51DB4145-BB81-41B3-B5E9-D419E4A8AEC3} = {81944416-457C-45C3-BC02-7B489B2EFE96}
		{F52A27A8-9A3E-4FD5-8800-E8F237D107C0} = {81944416-457C-45C3-BC02-7B489B2EFE96}
		{B302C47A-9AC8-4193-B002-E0BEA3B3D2B9} = {C93054C4-C76F-42F3-9E6E-8874246F5227}
		{FA062C72-2A6A-4CCC-9686-6F8613FF5741} = {C93054C4-C76F-42F3-9E6E-8874246F5227}
		{78F567D9-694A-4151-A244-A1BA11D2C083} = {C93054C4-C76F-42F3-9E6E-8874246F5227}
		{C8710E2A-84B5-40D7-AD4D-BFF0BAEE8E9B} = {C93054C4-C76F-42F3-9E6E-8874246F5227}
		{0C5E5DE9-C389-4485-B6F9-97C1F0F7FE85} = {1E0784F7-A683-4A91-A4B8-EDF48DFA8102}
		{F84ED22D-686F-4DC4-A82B-0CC17250DBDC} = {1E0784F7-A683-4A91-A4B8-EDF48DFA8102}
		{A225EC79-2512-4D9C-A035-61FCB6D7AD31} = {1E0784F7-A683-4A91-A4B8-EDF48DFA8102}
		{ED961986-53D8-4BB4-93A3-4CCC59177E27} = {1E0784F7-A683-4A91-A4B8-EDF48DFA8102}
		{38BDA2E5-69DC-4E5E-AC3E-38A46C84087C} = {359AE448-15AD-4921-AB4A-48BE81F851DA}
	EndGlobalSection
	GlobalSection(ExtensibilityGlobals) = postSolution
		SolutionGuid = {02C5FC0C-4C62-4831-9DBD-920E423BA4E9}
	EndGlobalSection
EndGlobal
